{
  "name": "@sephsekla/npm-package-diff",
  "version": "0.1.0",
  "lockfileVersion": 3,
  "requires": true,
  "packages": {
    "": {
      "name": "@sephsekla/npm-package-diff",
      "version": "0.1.0",
      "license": "MIT",
      "bin": {
        "package-diff": "command.js"
      }
    }
  }
}
